
Microsoft Visual Studio Solution File, Format Version 12.00
# Visual Studio Version 16
VisualStudioVersion = 16.0.33801.447
MinimumVisualStudioVersion = 10.0.40219.1
Project("{FAE04EC0-301F-11D3-BF4B-00C04F79EFBC}") = "foreach", "foreach\foreach.csproj", "{059A4E4F-2085-4206-84F5-8C0D289444BB}"
EndProject
Global
	GlobalSection(SolutionConfigurationPlatforms) = preSolution
		Debug|Any CPU = Debug|Any CPU
		Release|Any CPU = Release|Any CPU
	EndGlobalSection
	GlobalSection(ProjectConfigurationPlatforms) = postSolution
		{059A4E4F-2085-4206-84F5-8C0D289444BB}.Debug|Any CPU.ActiveCfg = Debug|Any CPU
		{059A4E4F-2085-4206-84F5-8C0D289444BB}.Debug|Any CPU.Build.0 = Debug|Any CPU
		{059A4E4F-2085-4206-84F5-8C0D289444BB}.Release|Any CPU.ActiveCfg = Release|Any CPU
		{059A4E4F-2085-4206-84F5-8C0D289444BB}.Release|Any CPU.Build.0 = Release|Any CPU
	EndGlobalSection
	GlobalSection(SolutionProperties) = preSolution
		HideSolutionNode = FALSE
	EndGlobalSection
	GlobalSection(ExtensibilityGlobals) = postSolution
		SolutionGuid = {E2A9C697-AE97-4086-8034-C0F54EE538DF}
	EndGlobalSection
EndGlobal
